// !$*UTF8*$!
{
	archiveVersion = 1;
	classes = {
	};
	objectVersion = 56;
	objects = {

/* Begin PBXBuildFile section */
		A1000001001 /* DiobooApp.swift in Sources */ = {isa = PBXBuildFile; fileRef = A2000001001 /* DiobooApp.swift */; };
		A1000001002 /* ContentView.swift in Sources */ = {isa = PBXBuildFile; fileRef = A2000001002 /* ContentView.swift */; };
		A1000001003 /* Assets.xcassets in Resources */ = {isa = PBXBuildFile; fileRef = A2000001003 /* Assets.xcassets */; };
		A1000001004 /* AppState.swift in Sources */ = {isa = PBXBuildFile; fileRef = A2000001004 /* AppState.swift */; };
		A1000001005 /* DiobooTheme.swift in Sources */ = {isa = PBXBuildFile; fileRef = A2000001005 /* DiobooTheme.swift */; };
		A1000001006 /* Anecdotes.swift in Sources */ = {isa = PBXBuildFile; fileRef = A2000001006 /* Anecdotes.swift */; };
		A1000001010 /* SplashView.swift in Sources */ = {isa = PBXBuildFile; fileRef = A2000001010 /* SplashView.swift */; };
		A1000001011 /* HomeView.swift in Sources */ = {isa = PBXBuildFile; fileRef = A2000001011 /* HomeView.swift */; };
		A1000001012 /* RitualChoiceView.swift in Sources */ = {isa = PBXBuildFile; fileRef = A2000001012 /* RitualChoiceView.swift */; };
		A1000001013 /* DurationView.swift in Sources */ = {isa = PBXBuildFile; fileRef = A2000001013 /* DurationView.swift */; };
		A1000001014 /* ReadView.swift in Sources */ = {isa = PBXBuildFile; fileRef = A2000001014 /* ReadView.swift */; };
		A1000001015 /* ParcoursBreathView.swift in Sources */ = {isa = PBXBuildFile; fileRef = A2000001015 /* ParcoursBreathView.swift */; };
		A1000001016 /* BreatheContainerView.swift in Sources */ = {isa = PBXBuildFile; fileRef = A2000001016 /* BreatheContainerView.swift */; };
		A1000001017 /* EndView.swift in Sources */ = {isa = PBXBuildFile; fileRef = A2000001017 /* EndView.swift */; };
		A1000001018 /* PaywallView.swift in Sources */ = {isa = PBXBuildFile; fileRef = A2000001018 /* PaywallView.swift */; };
		A1000001020 /* BreatheChairliftView.swift in Sources */ = {isa = PBXBuildFile; fileRef = A2000001020 /* BreatheChairliftView.swift */; };
		A1000001021 /* BreatheSeagullView.swift in Sources */ = {isa = PBXBuildFile; fileRef = A2000001021 /* BreatheSeagullView.swift */; };
		A1000001022 /* BreatheFerriswheelView.swift in Sources */ = {isa = PBXBuildFile; fileRef = A2000001022 /* BreatheFerriswheelView.swift */; };
		A1000001023 /* BreatheAstronautView.swift in Sources */ = {isa = PBXBuildFile; fileRef = A2000001023 /* BreatheAstronautView.swift */; };
		A1000001024 /* BreatheHotairballoonView.swift in Sources */ = {isa = PBXBuildFile; fileRef = A2000001024 /* BreatheHotairballoonView.swift */; };
		A1000001025 /* BreatheWaveView.swift in Sources */ = {isa = PBXBuildFile; fileRef = A2000001025 /* BreatheWaveView.swift */; };
		A1000001026 /* BreatheBranchView.swift in Sources */ = {isa = PBXBuildFile; fileRef = A2000001026 /* BreatheBranchView.swift */; };
		A1000001027 /* BreatheBuoyView.swift in Sources */ = {isa = PBXBuildFile; fileRef = A2000001027 /* BreatheBuoyView.swift */; };
		A1000001028 /* BreatheGlidingbirdView.swift in Sources */ = {isa = PBXBuildFile; fileRef = A2000001028 /* BreatheGlidingbirdView.swift */; };
/* End PBXBuildFile section */

/* Begin PBXFileReference section */
		A2000000001 /* Dioboo.app */ = {isa = PBXFileReference; explicitFileType = wrapper.application; includeInIndex = 0; path = Dioboo.app; sourceTree = BUILT_PRODUCTS_DIR; };
		A2000001001 /* DiobooApp.swift */ = {isa = PBXFileReference; lastKnownFileType = sourcecode.swift; path = DiobooApp.swift; sourceTree = "<group>"; };
		A2000001002 /* ContentView.swift */ = {isa = PBXFileReference; lastKnownFileType = sourcecode.swift; path = ContentView.swift; sourceTree = "<group>"; };
		A2000001003 /* Assets.xcassets */ = {isa = PBXFileReference; lastKnownFileType = folder.assetcatalog; path = Assets.xcassets; sourceTree = "<group>"; };
		A2000001004 /* AppState.swift */ = {isa = PBXFileReference; lastKnownFileType = sourcecode.swift; path = AppState.swift; sourceTree = "<group>"; };
		A2000001005 /* DiobooTheme.swift */ = {isa = PBXFileReference; lastKnownFileType = sourcecode.swift; path = DiobooTheme.swift; sourceTree = "<group>"; };
		A2000001006 /* Anecdotes.swift */ = {isa = PBXFileReference; lastKnownFileType = sourcecode.swift; path = Anecdotes.swift; sourceTree = "<group>"; };
		A2000001010 /* SplashView.swift */ = {isa = PBXFileReference; lastKnownFileType = sourcecode.swift; path = SplashView.swift; sourceTree = "<group>"; };
		A2000001011 /* HomeView.swift */ = {isa = PBXFileReference; lastKnownFileType = sourcecode.swift; path = HomeView.swift; sourceTree = "<group>"; };
		A2000001012 /* RitualChoiceView.swift */ = {isa = PBXFileReference; lastKnownFileType = sourcecode.swift; path = RitualChoiceView.swift; sourceTree = "<group>"; };
		A2000001013 /* DurationView.swift */ = {isa = PBXFileReference; lastKnownFileType = sourcecode.swift; path = DurationView.swift; sourceTree = "<group>"; };
		A2000001014 /* ReadView.swift */ = {isa = PBXFileReference; lastKnownFileType = sourcecode.swift; path = ReadView.swift; sourceTree = "<group>"; };
		A2000001015 /* ParcoursBreathView.swift */ = {isa = PBXFileReference; lastKnownFileType = sourcecode.swift; path = ParcoursBreathView.swift; sourceTree = "<group>"; };
		A2000001016 /* BreatheContainerView.swift */ = {isa = PBXFileReference; lastKnownFileType = sourcecode.swift; path = BreatheContainerView.swift; sourceTree = "<group>"; };
		A2000001017 /* EndView.swift */ = {isa = PBXFileReference; lastKnownFileType = sourcecode.swift; path = EndView.swift; sourceTree = "<group>"; };
		A2000001018 /* PaywallView.swift */ = {isa = PBXFileReference; lastKnownFileType = sourcecode.swift; path = PaywallView.swift; sourceTree = "<group>"; };
		A2000001020 /* BreatheChairliftView.swift */ = {isa = PBXFileReference; lastKnownFileType = sourcecode.swift; path = BreatheChairliftView.swift; sourceTree = "<group>"; };
		A2000001021 /* BreatheSeagullView.swift */ = {isa = PBXFileReference; lastKnownFileType = sourcecode.swift; path = BreatheSeagullView.swift; sourceTree = "<group>"; };
		A2000001022 /* BreatheFerriswheelView.swift */ = {isa = PBXFileReference; lastKnownFileType = sourcecode.swift; path = BreatheFerriswheelView.swift; sourceTree = "<group>"; };
		A2000001023 /* BreatheAstronautView.swift */ = {isa = PBXFileReference; lastKnownFileType = sourcecode.swift; path = BreatheAstronautView.swift; sourceTree = "<group>"; };
		A2000001024 /* BreatheHotairballoonView.swift */ = {isa = PBXFileReference; lastKnownFileType = sourcecode.swift; path = BreatheHotairballoonView.swift; sourceTree = "<group>"; };
		A2000001025 /* BreatheWaveView.swift */ = {isa = PBXFileReference; lastKnownFileType = sourcecode.swift; path = BreatheWaveView.swift; sourceTree = "<group>"; };
		A2000001026 /* BreatheBranchView.swift */ = {isa = PBXFileReference; lastKnownFileType = sourcecode.swift; path = BreatheBranchView.swift; sourceTree = "<group>"; };
		A2000001027 /* BreatheBuoyView.swift */ = {isa = PBXFileReference; lastKnownFileType = sourcecode.swift; path = BreatheBuoyView.swift; sourceTree = "<group>"; };
		A2000001028 /* BreatheGlidingbirdView.swift */ = {isa = PBXFileReference; lastKnownFileType = sourcecode.swift; path = BreatheGlidingbirdView.swift; sourceTree = "<group>"; };
/* End PBXFileReference section */

/* Begin PBXFrameworksBuildPhase section */
		A3000000001 /* Frameworks */ = {
			isa = PBXFrameworksBuildPhase;
			buildActionMask = 2147483647;
			files = (
			);
			runOnlyForDeploymentPostprocessing = 0;
		};
/* End PBXFrameworksBuildPhase section */

/* Begin PBXGroup section */
		A4000000001 = {
			isa = PBXGroup;
			children = (
				A4000000002 /* Dioboo */,
				A4000000003 /* Products */,
			);
			sourceTree = "<group>";
		};
		A4000000002 /* Dioboo */ = {
			isa = PBXGroup;
			children = (
				A2000001001 /* DiobooApp.swift */,
				A2000001002 /* ContentView.swift */,
				A2000001003 /* Assets.xcassets */,
				A4000000004 /* Models */,
				A4000000005 /* Theme */,
				A4000000006 /* Data */,
				A4000000007 /* Views */,
			);
			path = .;
			sourceTree = "<group>";
		};
		A4000000003 /* Products */ = {
			isa = PBXGroup;
			children = (
				A2000000001 /* Dioboo.app */,
			);
			name = Products;
			sourceTree = "<group>";
		};
		A4000000004 /* Models */ = {
			isa = PBXGroup;
			children = (
				A2000001004 /* AppState.swift */,
			);
			path = Models;
			sourceTree = "<group>";
		};
		A4000000005 /* Theme */ = {
			isa = PBXGroup;
			children = (
				A2000001005 /* DiobooTheme.swift */,
			);
			path = Theme;
			sourceTree = "<group>";
		};
		A4000000006 /* Data */ = {
			isa = PBXGroup;
			children = (
				A2000001006 /* Anecdotes.swift */,
			);
			path = Data;
			sourceTree = "<group>";
		};
		A4000000007 /* Views */ = {
			isa = PBXGroup;
			children = (
				A2000001010 /* SplashView.swift */,
				A2000001011 /* HomeView.swift */,
				A2000001012 /* RitualChoiceView.swift */,
				A2000001013 /* DurationView.swift */,
				A2000001014 /* ReadView.swift */,
				A2000001015 /* ParcoursBreathView.swift */,
				A2000001016 /* BreatheContainerView.swift */,
				A2000001017 /* EndView.swift */,
				A2000001018 /* PaywallView.swift */,
				A2000001020 /* BreatheChairliftView.swift */,
				A2000001021 /* BreatheSeagullView.swift */,
				A2000001022 /* BreatheFerriswheelView.swift */,
				A2000001023 /* BreatheAstronautView.swift */,
				A2000001024 /* BreatheHotairballoonView.swift */,
				A2000001025 /* BreatheWaveView.swift */,
				A2000001026 /* BreatheBranchView.swift */,
				A2000001027 /* BreatheBuoyView.swift */,
				A2000001028 /* BreatheGlidingbirdView.swift */,
			);
			path = Views;
			sourceTree = "<group>";
		};
/* End PBXGroup section */

/* Begin PBXNativeTarget section */
		A5000000001 /* Dioboo */ = {
			isa = PBXNativeTarget;
			buildConfigurationList = A6000000003 /* Build configuration list for PBXNativeTarget "Dioboo" */;
			buildPhases = (
				A5000000002 /* Sources */,
				A3000000001 /* Frameworks */,
				A5000000003 /* Resources */,
			);
			buildRules = (
			);
			dependencies = (
			);
			name = Dioboo;
			productName = Dioboo;
			productReference = A2000000001 /* Dioboo.app */;
			productType = "com.apple.product-type.application";
		};
/* End PBXNativeTarget section */

/* Begin PBXProject section */
		A7000000001 /* Project object */ = {
			isa = PBXProject;
			attributes = {
				BuildIndependentTargetsInParallel = 1;
				LastSwiftUpdateCheck = 1500;
				LastUpgradeCheck = 1500;
				TargetAttributes = {
					A5000000001 = {
						CreatedOnToolsVersion = 15.0;
					};
				};
			};
			buildConfigurationList = A6000000001 /* Build configuration list for PBXProject "Dioboo" */;
			compatibilityVersion = "Xcode 14.0";
			developmentRegion = en;
			hasScannedForEncodings = 0;
			knownRegions = (
				en,
				Base,
			);
			mainGroup = A4000000001;
			productRefGroup = A4000000003 /* Products */;
			projectDirPath = "";
			projectRoot = "";
			targets = (
				A5000000001 /* Dioboo */,
			);
		};
/* End PBXProject section */

/* Begin PBXResourcesBuildPhase section */
		A5000000003 /* Resources */ = {
			isa = PBXResourcesBuildPhase;
			buildActionMask = 2147483647;
			files = (
				A1000001003 /* Assets.xcassets in Resources */,
			);
			runOnlyForDeploymentPostprocessing = 0;
		};
/* End PBXResourcesBuildPhase section */

/* Begin PBXSourcesBuildPhase section */
		A5000000002 /* Sources */ = {
			isa = PBXSourcesBuildPhase;
			buildActionMask = 2147483647;
			files = (
				A1000001001 /* DiobooApp.swift in Sources */,
				A1000001002 /* ContentView.swift in Sources */,
				A1000001004 /* AppState.swift in Sources */,
				A1000001005 /* DiobooTheme.swift in Sources */,
				A1000001006 /* Anecdotes.swift in Sources */,
				A1000001010 /* SplashView.swift in Sources */,
				A1000001011 /* HomeView.swift in Sources */,
				A1000001012 /* RitualChoiceView.swift in Sources */,
				A1000001013 /* DurationView.swift in Sources */,
				A1000001014 /* ReadView.swift in Sources */,
				A1000001015 /* ParcoursBreathView.swift in Sources */,
				A1000001016 /* BreatheContainerView.swift in Sources */,
				A1000001017 /* EndView.swift in Sources */,
				A1000001018 /* PaywallView.swift in Sources */,
				A1000001020 /* BreatheChairliftView.swift in Sources */,
				A1000001021 /* BreatheSeagullView.swift in Sources */,
				A1000001022 /* BreatheFerriswheelView.swift in Sources */,
				A1000001023 /* BreatheAstronautView.swift in Sources */,
				A1000001024 /* BreatheHotairballoonView.swift in Sources */,
				A1000001025 /* BreatheWaveView.swift in Sources */,
				A1000001026 /* BreatheBranchView.swift in Sources */,
				A1000001027 /* BreatheBuoyView.swift in Sources */,
				A1000001028 /* BreatheGlidingbirdView.swift in Sources */,
			);
			runOnlyForDeploymentPostprocessing = 0;
		};
/* End PBXSourcesBuildPhase section */

/* Begin XCBuildConfiguration section */
		A6000000002 /* Debug */ = {
			isa = XCBuildConfiguration;
			buildSettings = {
				ALWAYS_SEARCH_USER_PATHS = NO;
				ASSETCATALOG_COMPILER_GENERATE_SWIFT_ASSET_SYMBOL_EXTENSIONS = YES;
				CLANG_ANALYZER_NONNULL = YES;
				CLANG_ANALYZER_NUMBER_OBJECT_CONVERSION = YES_AGGRESSIVE;
				CLANG_CXX_LANGUAGE_STANDARD = "gnu++20";
				CLANG_ENABLE_MODULES = YES;
				CLANG_ENABLE_OBJC_ARC = YES;
				CLANG_ENABLE_OBJC_WEAK = YES;
				CLANG_WARN_BLOCK_CAPTURE_AUTORELEASING = YES;
				CLANG_WARN_BOOL_CONVERSION = YES;
				CLANG_WARN_COMMA = YES;
				CLANG_WARN_CONSTANT_CONVERSION = YES;
				CLANG_WARN_DEPRECATED_OBJC_IMPLEMENTATIONS = YES;
				CLANG_WARN_DIRECT_OBJC_ISA_USAGE = YES_ERROR;
				CLANG_WARN_DOCUMENTATION_COMMENTS = YES;
				CLANG_WARN_EMPTY_BODY = YES;
				CLANG_WARN_ENUM_CONVERSION = YES;
				CLANG_WARN_INFINITE_RECURSION = YES;
				CLANG_WARN_INT_CONVERSION = YES;
				CLANG_WARN_NON_LITERAL_NULL_CONVERSION = YES;
				CLANG_WARN_OBJC_IMPLICIT_RETAIN_SELF = YES;
				CLANG_WARN_OBJC_LITERAL_CONVERSION = YES;
				CLANG_WARN_OBJC_ROOT_CLASS = YES_ERROR;
				CLANG_WARN_QUOTED_INCLUDE_IN_FRAMEWORK_HEADER = YES;
				CLANG_WARN_RANGE_LOOP_ANALYSIS = YES;
				CLANG_WARN_STRICT_PROTOTYPES = YES;
				CLANG_WARN_SUSPICIOUS_MOVE = YES;
				CLANG_WARN_UNGUARDED_AVAILABILITY = YES_AGGRESSIVE;
				CLANG_WARN_UNREACHABLE_CODE = YES;
				CLANG_WARN__DUPLICATE_METHOD_MATCH = YES;
				COPY_PHASE_STRIP = NO;
				DEBUG_INFORMATION_FORMAT = dwarf;
				ENABLE_STRICT_OBJC_MSGSEND = YES;
				ENABLE_TESTABILITY = YES;
				ENABLE_USER_SCRIPT_SANDBOXING = YES;
				GCC_C_LANGUAGE_STANDARD = gnu17;
				GCC_DYNAMIC_NO_PIC = NO;
				GCC_NO_COMMON_BLOCKS = YES;
				GCC_OPTIMIZATION_LEVEL = 0;
				GCC_PREPROCESSOR_DEFINITIONS = (
					"DEBUG=1",
					"$(inherited)",
				);
				GCC_WARN_64_TO_32_BIT_CONVERSION = YES;
				GCC_WARN_ABOUT_RETURN_TYPE = YES_ERROR;
				GCC_WARN_UNDECLARED_SELECTOR = YES;
				GCC_WARN_UNINITIALIZED_AUTOS = YES_AGGRESSIVE;
				GCC_WARN_UNUSED_FUNCTION = YES;
				GCC_WARN_UNUSED_VARIABLE = YES;
				IPHONEOS_DEPLOYMENT_TARGET = 17.0;
				LOCALIZATION_PREFERS_STRING_CATALOGS = YES;
				MTL_ENABLE_DEBUG_INFO = INCLUDE_SOURCE;
				MTL_FAST_MATH = YES;
				ONLY_ACTIVE_ARCH = YES;
				SDKROOT = iphoneos;
				SWIFT_ACTIVE_COMPILATION_CONDITIONS = "DEBUG $(inherited)";
				SWIFT_OPTIMIZATION_LEVEL = "-Onone";
			};
			name = Debug;
		};
		A6000000004 /* Release */ = {
			isa = XCBuildConfiguration;
			buildSettings = {
				ALWAYS_SEARCH_USER_PATHS = NO;
				ASSETCATALOG_COMPILER_GENERATE_SWIFT_ASSET_SYMBOL_EXTENSIONS = YES;
				CLANG_ANALYZER_NONNULL = YES;
				CLANG_ANALYZER_NUMBER_OBJECT_CONVERSION = YES_AGGRESSIVE;
				CLANG_CXX_LANGUAGE_STANDARD = "gnu++20";
				CLANG_ENABLE_MODULES = YES;
				CLANG_ENABLE_OBJC_ARC = YES;
				CLANG_ENABLE_OBJC_WEAK = YES;
				CLANG_WARN_BLOCK_CAPTURE_AUTORELEASING = YES;
				CLANG_WARN_BOOL_CONVERSION = YES;
				CLANG_WARN_COMMA = YES;
				CLANG_WARN_CONSTANT_CONVERSION = YES;
				CLANG_WARN_DEPRECATED_OBJC_IMPLEMENTATIONS = YES;
				CLANG_WARN_DIRECT_OBJC_ISA_USAGE = YES_ERROR;
				CLANG_WARN_DOCUMENTATION_COMMENTS = YES;
				CLANG_WARN_EMPTY_BODY = YES;
				CLANG_WARN_ENUM_CONVERSION = YES;
				CLANG_WARN_INFINITE_RECURSION = YES;
				CLANG_WARN_INT_CONVERSION = YES;
				CLANG_WARN_NON_LITERAL_NULL_CONVERSION = YES;
				CLANG_WARN_OBJC_IMPLICIT_RETAIN_SELF = YES;
				CLANG_WARN_OBJC_LITERAL_CONVERSION = YES;
				CLANG_WARN_OBJC_ROOT_CLASS = YES_ERROR;
				CLANG_WARN_QUOTED_INCLUDE_IN_FRAMEWORK_HEADER = YES;
				CLANG_WARN_RANGE_LOOP_ANALYSIS = YES;
				CLANG_WARN_STRICT_PROTOTYPES = YES;
				CLANG_WARN_SUSPICIOUS_MOVE = YES;
				CLANG_WARN_UNGUARDED_AVAILABILITY = YES_AGGRESSIVE;
				CLANG_WARN_UNREACHABLE_CODE = YES;
				CLANG_WARN__DUPLICATE_METHOD_MATCH = YES;
				COPY_PHASE_STRIP = NO;
				DEBUG_INFORMATION_FORMAT = "dwarf-with-dsym";
				ENABLE_NS_ASSERTIONS = NO;
				ENABLE_STRICT_OBJC_MSGSEND = YES;
				ENABLE_USER_SCRIPT_SANDBOXING = YES;
				GCC_C_LANGUAGE_STANDARD = gnu17;
				GCC_NO_COMMON_BLOCKS = YES;
				GCC_WARN_64_TO_32_BIT_CONVERSION = YES;
				GCC_WARN_ABOUT_RETURN_TYPE = YES_ERROR;
				GCC_WARN_UNDECLARED_SELECTOR = YES;
				GCC_WARN_UNINITIALIZED_AUTOS = YES_AGGRESSIVE;
				GCC_WARN_UNUSED_FUNCTION = YES;
				GCC_WARN_UNUSED_VARIABLE = YES;
				IPHONEOS_DEPLOYMENT_TARGET = 17.0;
				LOCALIZATION_PREFERS_STRING_CATALOGS = YES;
				MTL_ENABLE_DEBUG_INFO = NO;
				MTL_FAST_MATH = YES;
				SDKROOT = iphoneos;
				SWIFT_COMPILATION_MODE = wholemodule;
				VALIDATE_PRODUCT = YES;
			};
			name = Release;
		};
		A6000000005 /* Debug */ = {
			isa = XCBuildConfiguration;
			buildSettings = {
				ASSETCATALOG_COMPILER_APPICON_NAME = AppIcon;
				ASSETCATALOG_COMPILER_GLOBAL_ACCENT_COLOR_NAME = AccentColor;
				CODE_SIGN_STYLE = Automatic;
				CURRENT_PROJECT_VERSION = 1;
				DEVELOPMENT_ASSET_PATHS = "";
				ENABLE_PREVIEWS = YES;
				GENERATE_INFOPLIST_FILE = YES;
				INFOPLIST_KEY_CFBundleDisplayName = Dioboo;
				INFOPLIST_KEY_UIApplicationSceneManifest_Generation = YES;
				INFOPLIST_KEY_UIApplicationSupportsIndirectInputEvents = YES;
				INFOPLIST_KEY_UILaunchScreen_Generation = YES;
				INFOPLIST_KEY_UISupportedInterfaceOrientations = UIInterfaceOrientationPortrait;
				INFOPLIST_KEY_UISupportedInterfaceOrientations_iPad = "UIInterfaceOrientationLandscapeLeft UIInterfaceOrientationLandscapeRight UIInterfaceOrientationPortrait UIInterfaceOrientationPortraitUpsideDown";
				LD_RUNPATH_SEARCH_PATHS = (
					"$(inherited)",
					"@executable_path/Frameworks",
				);
				MARKETING_VERSION = 1.0;
				PRODUCT_BUNDLE_IDENTIFIER = com.dioboo.app;
				PRODUCT_NAME = "$(TARGET_NAME)";
				SUPPORTED_PLATFORMS = "iphoneos iphonesimulator";
				SUPPORTS_MACCATALYST = NO;
				SWIFT_EMIT_LOC_STRINGS = YES;
				SWIFT_VERSION = 5.0;
				TARGETED_DEVICE_FAMILY = "1,2";
			};
			name = Debug;
		};
		A6000000006 /* Release */ = {
			isa = XCBuildConfiguration;
			buildSettings = {
				ASSETCATALOG_COMPILER_APPICON_NAME = AppIcon;
				ASSETCATALOG_COMPILER_GLOBAL_ACCENT_COLOR_NAME = AccentColor;
				CODE_SIGN_STYLE = Automatic;
				CURRENT_PROJECT_VERSION = 1;
				DEVELOPMENT_ASSET_PATHS = "";
				ENABLE_PREVIEWS = YES;
				GENERATE_INFOPLIST_FILE = YES;
				INFOPLIST_KEY_CFBundleDisplayName = Dioboo;
				INFOPLIST_KEY_UIApplicationSceneManifest_Generation = YES;
				INFOPLIST_KEY_UIApplicationSupportsIndirectInputEvents = YES;
				INFOPLIST_KEY_UILaunchScreen_Generation = YES;
				INFOPLIST_KEY_UISupportedInterfaceOrientations = UIInterfaceOrientationPortrait;
				INFOPLIST_KEY_UISupportedInterfaceOrientations_iPad = "UIInterfaceOrientationLandscapeLeft UIInterfaceOrientationLandscapeRight UIInterfaceOrientationPortrait UIInterfaceOrientationPortraitUpsideDown";
				LD_RUNPATH_SEARCH_PATHS = (
					"$(inherited)",
					"@executable_path/Frameworks",
				);
				MARKETING_VERSION = 1.0;
				PRODUCT_BUNDLE_IDENTIFIER = com.dioboo.app;
				PRODUCT_NAME = "$(TARGET_NAME)";
				SUPPORTED_PLATFORMS = "iphoneos iphonesimulator";
				SUPPORTS_MACCATALYST = NO;
				SWIFT_EMIT_LOC_STRINGS = YES;
				SWIFT_VERSION = 5.0;
				TARGETED_DEVICE_FAMILY = "1,2";
			};
			name = Release;
		};
/* End XCBuildConfiguration section */

/* Begin XCConfigurationList section */
		A6000000001 /* Build configuration list for PBXProject "Dioboo" */ = {
			isa = XCConfigurationList;
			buildConfigurations = (
				A6000000002 /* Debug */,
				A6000000004 /* Release */,
			);
			defaultConfigurationIsVisible = 0;
			defaultConfigurationName = Release;
		};
		A6000000003 /* Build configuration list for PBXNativeTarget "Dioboo" */ = {
			isa = XCConfigurationList;
			buildConfigurations = (
				A6000000005 /* Debug */,
				A6000000006 /* Release */,
			);
			defaultConfigurationIsVisible = 0;
			defaultConfigurationName = Release;
		};
/* End XCConfigurationList section */
	};
	rootObject = A7000000001 /* Project object */;
}
